
Microsoft Visual Studio Solution File, Format Version 12.00
# Visual Studio Version 17
VisualStudioVersion = 17.12.35506.116
MinimumVisualStudioVersion = 10.0.40219.1
Project("{2150E333-8FDC-42A3-9474-1A3956D46DE8}") = "Services", "Services", "{4B5A3B67-DA12-4F1D-85D0-88DF2B83FD69}"
EndProject
Project("{2150E333-8FDC-42A3-9474-1A3956D46DE8}") = "Catalog", "Catalog", "{1300FD53-2CBC-4ECF-8234-F24D5881F6B0}"
EndProject
Project("{FAE04EC0-301F-11D3-BF4B-00C04F79EFBC}") = "Catalog.API", "Services\Catalog\Catalog.API\Catalog.API.csproj", "{1B678904-0D93-4565-80EE-1432C6714C93}"
EndProject
Project("{2150E333-8FDC-42A3-9474-1A3956D46DE8}") = "BuildingBlocks", "BuildingBlocks", "{60E06F3F-9B82-4E4D-8B8B-932CB2B9009E}"
EndProject
Project("{FAE04EC0-301F-11D3-BF4B-00C04F79EFBC}") = "BuildingBlocks", "BuildingBlocks\BuildingBlocks\BuildingBlocks.csproj", "{E2424B2F-26EC-4A1C-9A2F-DD4EDF6336E1}"
EndProject
Project("{E53339B2-1760-4266-BCC7-CA923CBCF16C}") = "docker-compose", "docker-compose.dcproj", "{FE1AE167-6411-4286-BE11-E808AE39A35E}"
EndProject
Global
	GlobalSection(SolutionConfigurationPlatforms) = preSolution
		Debug|Any CPU = Debug|Any CPU
		Release|Any CPU = Release|Any CPU
	EndGlobalSection
	GlobalSection(ProjectConfigurationPlatforms) = postSolution
		{1B678904-0D93-4565-80EE-1432C6714C93}.Debug|Any CPU.ActiveCfg = Debug|Any CPU
		{1B678904-0D93-4565-80EE-1432C6714C93}.Debug|Any CPU.Build.0 = Debug|Any CPU
		{1B678904-0D93-4565-80EE-1432C6714C93}.Release|Any CPU.ActiveCfg = Release|Any CPU
		{1B678904-0D93-4565-80EE-1432C6714C93}.Release|Any CPU.Build.0 = Release|Any CPU
		{E2424B2F-26EC-4A1C-9A2F-DD4EDF6336E1}.Debug|Any CPU.ActiveCfg = Debug|Any CPU
		{E2424B2F-26EC-4A1C-9A2F-DD4EDF6336E1}.Debug|Any CPU.Build.0 = Debug|Any CPU
		{E2424B2F-26EC-4A1C-9A2F-DD4EDF6336E1}.Release|Any CPU.ActiveCfg = Release|Any CPU
		{E2424B2F-26EC-4A1C-9A2F-DD4EDF6336E1}.Release|Any CPU.Build.0 = Release|Any CPU
		{FE1AE167-6411-4286-BE11-E808AE39A35E}.Debug|Any CPU.ActiveCfg = Debug|Any CPU
		{FE1AE167-6411-4286-BE11-E808AE39A35E}.Debug|Any CPU.Build.0 = Debug|Any CPU
		{FE1AE167-6411-4286-BE11-E808AE39A35E}.Release|Any CPU.ActiveCfg = Release|Any CPU
		{FE1AE167-6411-4286-BE11-E808AE39A35E}.Release|Any CPU.Build.0 = Release|Any CPU
	EndGlobalSection
	GlobalSection(SolutionProperties) = preSolution
		HideSolutionNode = FALSE
	EndGlobalSection
	GlobalSection(NestedProjects) = preSolution
		{1300FD53-2CBC-4ECF-8234-F24D5881F6B0} = {4B5A3B67-DA12-4F1D-85D0-88DF2B83FD69}
		{1B678904-0D93-4565-80EE-1432C6714C93} = {1300FD53-2CBC-4ECF-8234-F24D5881F6B0}
		{E2424B2F-26EC-4A1C-9A2F-DD4EDF6336E1} = {60E06F3F-9B82-4E4D-8B8B-932CB2B9009E}
	EndGlobalSection
EndGlobal
